{
  "name": "@t8/react-router",
  "version": "1.0.7",
  "lockfileVersion": 3,
  "requires": true,
  "packages": {
    "": {
      "name": "@t8/react-router",
      "version": "1.0.7",
      "license": "ISC",
      "dependencies": {
        "@t8/router": "^1.0.4"
      },
      "devDependencies": {
        "@types/react": "^19.1.10"
      },
      "peerDependencies": {
        "react": ">=16.8"
      }
    },
    "node_modules/@t8/router": {
      "version": "1.0.4",
      "resolved": "https://registry.npmjs.org/@t8/router/-/router-1.0.4.tgz",
      "integrity": "sha512-wNXL1cIht+lyseoqX3OpM0/NkN90iP9KdMUTXv0Gh7OUv2nfdU/6hwYEwezkBeQrEIPUQ7pAjhzg/22cuiYkZg==",
      "license": "ISC",
      "dependencies": {
        "quasiurl": "^1.0.0",
        "unpack-schema": "^1.2.2"
      }
    },
    "node_modules/@types/react": {
      "version": "19.1.10",
      "resolved": "https://registry.npmjs.org/@types/react/-/react-19.1.10.tgz",
      "integrity": "sha512-EhBeSYX0Y6ye8pNebpKrwFJq7BoQ8J5SO6NlvNwwHjSj6adXJViPQrKlsyPw7hLBLvckEMO1yxeGdR82YBBlDg==",
      "dev": true,
      "license": "MIT",
      "dependencies": {
        "csstype": "^3.0.2"
      }
    },
    "node_modules/csstype": {
      "version": "3.1.3",
      "resolved": "https://registry.npmjs.org/csstype/-/csstype-3.1.3.tgz",
      "integrity": "sha512-M1uQkMl8rQK/szD0LNhtqxIPLpimGm8sOBwU7lLnCpSbTyY3yeU1Vc7l4KT5zT4s/yOxHH5O7tIuuLOCnLADRw==",
      "dev": true,
      "license": "MIT"
    },
    "node_modules/quasiurl": {
      "version": "1.0.0",
      "resolved": "https://registry.npmjs.org/quasiurl/-/quasiurl-1.0.0.tgz",
      "integrity": "sha512-C6HMLls5yAZ998oywU8kWwW9kUbHnv7CTAhLvD8P1PEhvcWxiQnXvAbm/NRsJd6NOBnrLf5FcmFdw/hd3s6jlg==",
      "license": "ISC"
    },
    "node_modules/react": {
      "version": "19.1.1",
      "resolved": "https://registry.npmjs.org/react/-/react-19.1.1.tgz",
      "integrity": "sha512-w8nqGImo45dmMIfljjMwOGtbmC/mk4CMYhWIicdSflH91J9TyCyczcPFXJzrZ/ZXcgGRFeP6BU0BEJTw6tZdfQ==",
      "license": "MIT",
      "peer": true,
      "engines": {
        "node": ">=0.10.0"
      }
    },
    "node_modules/unpack-schema": {
      "version": "1.2.2",
      "resolved": "https://registry.npmjs.org/unpack-schema/-/unpack-schema-1.2.2.tgz",
      "integrity": "sha512-Q5+GcqxthCm2/T+bUJZsXn7D3/rt1sjCmKbyNBGdEUIWdKTjwOARMeZ6TTIqYcqinxwp7ZVyDfs7uXt9nuljCQ==",
      "license": "ISC"
    }
  }
}
